
Microsoft Visual Studio Solution File, Format Version 12.00
# Visual Studio Version 17
VisualStudioVersion = 17.14.36518.9
MinimumVisualStudioVersion = 10.0.40219.1
Project("{2150E333-8FDC-42A3-9474-1A3956D46DE8}") = "Task0", "Task0", "{02EA681E-C7D8-13C7-8484-4AC65E1B71E8}"
EndProject
Project("{2150E333-8FDC-42A3-9474-1A3956D46DE8}") = "Task3", "Task3", "{96B540BB-A388-445C-8736-A939B7E53F83}"
EndProject
Project("{2150E333-8FDC-42A3-9474-1A3956D46DE8}") = "Task4", "Task4", "{A967831B-9381-4B7C-88A7-D1D6B662F654}"
EndProject
Project("{2150E333-8FDC-42A3-9474-1A3956D46DE8}") = "Task5", "Task5", "{1E1B435A-BC55-4CE9-84B3-7FC501B6061F}"
EndProject
Project("{2150E333-8FDC-42A3-9474-1A3956D46DE8}") = "Task6", "Task6", "{3922CE57-03F0-44C3-A159-AF894F0D2E82}"
EndProject
Project("{2150E333-8FDC-42A3-9474-1A3956D46DE8}") = "Task7", "Task7", "{0B28AB93-44BD-4B11-B8CB-EE0015AA7198}"
EndProject
Project("{FAE04EC0-301F-11D3-BF4B-00C04F79EFBC}") = "Tyuiu.KhisamutdinovaPR.Sprint6.Task0.V1.Lib", "Tyuiu.KhisamutdinovaPR.Sprint6.Task0.V1.Lib\Tyuiu.KhisamutdinovaPR.Sprint6.Task0.V1.Lib.csproj", "{0772BB05-E060-4992-B79F-C56DAAD74BAC}"
EndProject
Project("{FAE04EC0-301F-11D3-BF4B-00C04F79EFBC}") = "Tyuiu.KhisamutdinovaPR.Sprint6.Task0.V1.Test", "Tyuiu.KhisamutdinovaPR.Sprint6.Task0.V1.Test\Tyuiu.KhisamutdinovaPR.Sprint6.Task0.V1.Test.csproj", "{CAD7ED25-4A52-4699-9255-E29ACABEA02B}"
EndProject
Project("{FAE04EC0-301F-11D3-BF4B-00C04F79EFBC}") = "Tyuiu.KhisamutdinovaPR.Sprint6.Task0.V1", "Tyuiu.KhisamutdinovaPR.Sprint6.Task0.V1\Tyuiu.KhisamutdinovaPR.Sprint6.Task0.V1.csproj", "{262BBA5B-91B6-4DCB-9CDC-BD590F871D1F}"
EndProject
Project("{2150E333-8FDC-42A3-9474-1A3956D46DE8}") = "Task2", "Task2", "{E9D02131-3B30-462A-87BA-8DB1B24E928D}"
EndProject
Project("{FAE04EC0-301F-11D3-BF4B-00C04F79EFBC}") = "Tyuiu.KhisamutdinovaPR.Sprint6.Task2.V7.Lib", "Tyuiu.KhisamutdinovaPR.Sprint6.Task2.V7.Lib\Tyuiu.KhisamutdinovaPR.Sprint6.Task2.V7.Lib.csproj", "{19DB29EA-A7A6-43B2-9620-91373F724FB4}"
EndProject
Project("{FAE04EC0-301F-11D3-BF4B-00C04F79EFBC}") = "Tyuiu.KhisamutdinovaPR.Sprint6.Task2.V7.Test", "Tyuiu.KhisamutdinovaPR.Sprint6.Task2.V7.Test\Tyuiu.KhisamutdinovaPR.Sprint6.Task2.V7.Test.csproj", "{F5D2F65C-CD53-48B8-82C5-BC96F540E27F}"
EndProject
Project("{FAE04EC0-301F-11D3-BF4B-00C04F79EFBC}") = "Tyuiu.KhisamutdinovaPR.Sprint6.Task2.V7", "Tyuiu.KhisamutdinovaPR.Sprint6.Task2.V7\Tyuiu.KhisamutdinovaPR.Sprint6.Task2.V7.csproj", "{E6D31E27-7C96-49DD-9B6C-A8CC49B052EF}"
EndProject
Project("{2150E333-8FDC-42A3-9474-1A3956D46DE8}") = "Task1", "Task1", "{31BD4053-4EBD-41AE-B9D3-42AC926B2BE3}"
EndProject
Project("{FAE04EC0-301F-11D3-BF4B-00C04F79EFBC}") = "Tyuiu.KhisamutdinovaPR.Sprint6.Task1.V17.Lib", "Tyuiu.KhisamutdinovaPR.Sprint6.Task1.V17.Lib\Tyuiu.KhisamutdinovaPR.Sprint6.Task1.V17.Lib.csproj", "{3D2A6726-0E62-4337-AA5A-4498DFDD8DC9}"
EndProject
Project("{FAE04EC0-301F-11D3-BF4B-00C04F79EFBC}") = "Tyuiu.KhisamutdinovaPR.Sprint6.Task1.V17.Test", "Tyuiu.KhisamutdinovaPR.Sprint6.Task1.V17.Test\Tyuiu.KhisamutdinovaPR.Sprint6.Task1.V17.Test.csproj", "{10BE825C-BA9B-4B26-8059-81D5B398F2F0}"
EndProject
Project("{FAE04EC0-301F-11D3-BF4B-00C04F79EFBC}") = "Tyuiu.KhisamutdinovaPR.Sprint6.Task1.V17", "Tyuiu.KhisamutdinovaPR.Sprint6.Task1.V17\Tyuiu.KhisamutdinovaPR.Sprint6.Task1.V17.csproj", "{11B42BDB-36CB-4C7B-93C5-CA1F0D303ADC}"
EndProject
Project("{FAE04EC0-301F-11D3-BF4B-00C04F79EFBC}") = "Tyuiu.KhisamutdinovaPR.Sprint6.Task3.V30.Lib", "Tyuiu.KhisamutdinovaPR.Sprint6.Task3.V30.Lib\Tyuiu.KhisamutdinovaPR.Sprint6.Task3.V30.Lib.csproj", "{5244B703-09CF-4508-A11F-33CE03401528}"
EndProject
Project("{FAE04EC0-301F-11D3-BF4B-00C04F79EFBC}") = "Tyuiu.KhisamutdinovaPR.Sprint6.Task3.V30.Test", "Tyuiu.KhisamutdinovaPR.Sprint6.Task3.V30.Test\Tyuiu.KhisamutdinovaPR.Sprint6.Task3.V30.Test.csproj", "{063AF760-8AF1-489B-84FB-D5BF17013673}"
EndProject
Project("{FAE04EC0-301F-11D3-BF4B-00C04F79EFBC}") = "Tyuiu.KhisamutdinovaPR.Sprint6.Task3.V30", "Tyuiu.KhisamutdinovaPR.Sprint6.Task3.V30\Tyuiu.KhisamutdinovaPR.Sprint6.Task3.V30.csproj", "{4EDCBBAF-3142-40D4-AB3D-2EC3F39AD685}"
EndProject
Global
	GlobalSection(SolutionConfigurationPlatforms) = preSolution
		Debug|Any CPU = Debug|Any CPU
		Release|Any CPU = Release|Any CPU
	EndGlobalSection
	GlobalSection(ProjectConfigurationPlatforms) = postSolution
		{0772BB05-E060-4992-B79F-C56DAAD74BAC}.Debug|Any CPU.ActiveCfg = Debug|Any CPU
		{0772BB05-E060-4992-B79F-C56DAAD74BAC}.Debug|Any CPU.Build.0 = Debug|Any CPU
		{0772BB05-E060-4992-B79F-C56DAAD74BAC}.Release|Any CPU.ActiveCfg = Release|Any CPU
		{0772BB05-E060-4992-B79F-C56DAAD74BAC}.Release|Any CPU.Build.0 = Release|Any CPU
		{CAD7ED25-4A52-4699-9255-E29ACABEA02B}.Debug|Any CPU.ActiveCfg = Debug|Any CPU
		{CAD7ED25-4A52-4699-9255-E29ACABEA02B}.Debug|Any CPU.Build.0 = Debug|Any CPU
		{CAD7ED25-4A52-4699-9255-E29ACABEA02B}.Release|Any CPU.ActiveCfg = Release|Any CPU
		{CAD7ED25-4A52-4699-9255-E29ACABEA02B}.Release|Any CPU.Build.0 = Release|Any CPU
		{262BBA5B-91B6-4DCB-9CDC-BD590F871D1F}.Debug|Any CPU.ActiveCfg = Debug|Any CPU
		{262BBA5B-91B6-4DCB-9CDC-BD590F871D1F}.Debug|Any CPU.Build.0 = Debug|Any CPU
		{262BBA5B-91B6-4DCB-9CDC-BD590F871D1F}.Release|Any CPU.ActiveCfg = Release|Any CPU
		{262BBA5B-91B6-4DCB-9CDC-BD590F871D1F}.Release|Any CPU.Build.0 = Release|Any CPU
		{19DB29EA-A7A6-43B2-9620-91373F724FB4}.Debug|Any CPU.ActiveCfg = Debug|Any CPU
		{19DB29EA-A7A6-43B2-9620-91373F724FB4}.Debug|Any CPU.Build.0 = Debug|Any CPU
		{19DB29EA-A7A6-43B2-9620-91373F724FB4}.Release|Any CPU.ActiveCfg = Release|Any CPU
		{19DB29EA-A7A6-43B2-9620-91373F724FB4}.Release|Any CPU.Build.0 = Release|Any CPU
		{F5D2F65C-CD53-48B8-82C5-BC96F540E27F}.Debug|Any CPU.ActiveCfg = Debug|Any CPU
		{F5D2F65C-CD53-48B8-82C5-BC96F540E27F}.Debug|Any CPU.Build.0 = Debug|Any CPU
		{F5D2F65C-CD53-48B8-82C5-BC96F540E27F}.Release|Any CPU.ActiveCfg = Release|Any CPU
		{F5D2F65C-CD53-48B8-82C5-BC96F540E27F}.Release|Any CPU.Build.0 = Release|Any CPU
		{E6D31E27-7C96-49DD-9B6C-A8CC49B052EF}.Debug|Any CPU.ActiveCfg = Debug|Any CPU
		{E6D31E27-7C96-49DD-9B6C-A8CC49B052EF}.Debug|Any CPU.Build.0 = Debug|Any CPU
		{E6D31E27-7C96-49DD-9B6C-A8CC49B052EF}.Release|Any CPU.ActiveCfg = Release|Any CPU
		{E6D31E27-7C96-49DD-9B6C-A8CC49B052EF}.Release|Any CPU.Build.0 = Release|Any CPU
		{3D2A6726-0E62-4337-AA5A-4498DFDD8DC9}.Debug|Any CPU.ActiveCfg = Debug|Any CPU
		{3D2A6726-0E62-4337-AA5A-4498DFDD8DC9}.Debug|Any CPU.Build.0 = Debug|Any CPU
		{3D2A6726-0E62-4337-AA5A-4498DFDD8DC9}.Release|Any CPU.ActiveCfg = Release|Any CPU
		{3D2A6726-0E62-4337-AA5A-4498DFDD8DC9}.Release|Any CPU.Build.0 = Release|Any CPU
		{10BE825C-BA9B-4B26-8059-81D5B398F2F0}.Debug|Any CPU.ActiveCfg = Debug|Any CPU
		{10BE825C-BA9B-4B26-8059-81D5B398F2F0}.Debug|Any CPU.Build.0 = Debug|Any CPU
		{10BE825C-BA9B-4B26-8059-81D5B398F2F0}.Release|Any CPU.ActiveCfg = Release|Any CPU
		{10BE825C-BA9B-4B26-8059-81D5B398F2F0}.Release|Any CPU.Build.0 = Release|Any CPU
		{11B42BDB-36CB-4C7B-93C5-CA1F0D303ADC}.Debug|Any CPU.ActiveCfg = Debug|Any CPU
		{11B42BDB-36CB-4C7B-93C5-CA1F0D303ADC}.Debug|Any CPU.Build.0 = Debug|Any CPU
		{11B42BDB-36CB-4C7B-93C5-CA1F0D303ADC}.Release|Any CPU.ActiveCfg = Release|Any CPU
		{11B42BDB-36CB-4C7B-93C5-CA1F0D303ADC}.Release|Any CPU.Build.0 = Release|Any CPU
		{5244B703-09CF-4508-A11F-33CE03401528}.Debug|Any CPU.ActiveCfg = Debug|Any CPU
		{5244B703-09CF-4508-A11F-33CE03401528}.Debug|Any CPU.Build.0 = Debug|Any CPU
		{5244B703-09CF-4508-A11F-33CE03401528}.Release|Any CPU.ActiveCfg = Release|Any CPU
		{5244B703-09CF-4508-A11F-33CE03401528}.Release|Any CPU.Build.0 = Release|Any CPU
		{063AF760-8AF1-489B-84FB-D5BF17013673}.Debug|Any CPU.ActiveCfg = Debug|Any CPU
		{063AF760-8AF1-489B-84FB-D5BF17013673}.Debug|Any CPU.Build.0 = Debug|Any CPU
		{063AF760-8AF1-489B-84FB-D5BF17013673}.Release|Any CPU.ActiveCfg = Release|Any CPU
		{063AF760-8AF1-489B-84FB-D5BF17013673}.Release|Any CPU.Build.0 = Release|Any CPU
		{4EDCBBAF-3142-40D4-AB3D-2EC3F39AD685}.Debug|Any CPU.ActiveCfg = Debug|Any CPU
		{4EDCBBAF-3142-40D4-AB3D-2EC3F39AD685}.Debug|Any CPU.Build.0 = Debug|Any CPU
		{4EDCBBAF-3142-40D4-AB3D-2EC3F39AD685}.Release|Any CPU.ActiveCfg = Release|Any CPU
		{4EDCBBAF-3142-40D4-AB3D-2EC3F39AD685}.Release|Any CPU.Build.0 = Release|Any CPU
	EndGlobalSection
	GlobalSection(SolutionProperties) = preSolution
		HideSolutionNode = FALSE
	EndGlobalSection
	GlobalSection(NestedProjects) = preSolution
		{0772BB05-E060-4992-B79F-C56DAAD74BAC} = {02EA681E-C7D8-13C7-8484-4AC65E1B71E8}
		{CAD7ED25-4A52-4699-9255-E29ACABEA02B} = {02EA681E-C7D8-13C7-8484-4AC65E1B71E8}
		{262BBA5B-91B6-4DCB-9CDC-BD590F871D1F} = {02EA681E-C7D8-13C7-8484-4AC65E1B71E8}
		{19DB29EA-A7A6-43B2-9620-91373F724FB4} = {E9D02131-3B30-462A-87BA-8DB1B24E928D}
		{F5D2F65C-CD53-48B8-82C5-BC96F540E27F} = {E9D02131-3B30-462A-87BA-8DB1B24E928D}
		{E6D31E27-7C96-49DD-9B6C-A8CC49B052EF} = {E9D02131-3B30-462A-87BA-8DB1B24E928D}
		{3D2A6726-0E62-4337-AA5A-4498DFDD8DC9} = {31BD4053-4EBD-41AE-B9D3-42AC926B2BE3}
		{10BE825C-BA9B-4B26-8059-81D5B398F2F0} = {31BD4053-4EBD-41AE-B9D3-42AC926B2BE3}
		{11B42BDB-36CB-4C7B-93C5-CA1F0D303ADC} = {31BD4053-4EBD-41AE-B9D3-42AC926B2BE3}
		{5244B703-09CF-4508-A11F-33CE03401528} = {96B540BB-A388-445C-8736-A939B7E53F83}
		{063AF760-8AF1-489B-84FB-D5BF17013673} = {96B540BB-A388-445C-8736-A939B7E53F83}
		{4EDCBBAF-3142-40D4-AB3D-2EC3F39AD685} = {96B540BB-A388-445C-8736-A939B7E53F83}
	EndGlobalSection
	GlobalSection(ExtensibilityGlobals) = postSolution
		SolutionGuid = {C3B0C4F0-9924-4634-899D-B0D3D1DC60E2}
	EndGlobalSection
EndGlobal
